// !$*UTF8*$!
{
	archiveVersion = 1;
	classes = {
	};
	objectVersion = 56;
	objects = {

/* Begin PBXBuildFile section */
		80D2917C2AB2093300ACE1E5 /* AppetizersApp.swift in Sources */ = {isa = PBXBuildFile; fileRef = 80D2917B2AB2093300ACE1E5 /* AppetizersApp.swift */; };
		80D2917E2AB2093300ACE1E5 /* AppetizerTabView.swift in Sources */ = {isa = PBXBuildFile; fileRef = 80D2917D2AB2093300ACE1E5 /* AppetizerTabView.swift */; };
		80D291802AB2093500ACE1E5 /* Assets.xcassets in Resources */ = {isa = PBXBuildFile; fileRef = 80D2917F2AB2093500ACE1E5 /* Assets.xcassets */; };
		80D291832AB2093500ACE1E5 /* Preview Assets.xcassets in Resources */ = {isa = PBXBuildFile; fileRef = 80D291822AB2093500ACE1E5 /* Preview Assets.xcassets */; };
		80D2918B2AB2097500ACE1E5 /* Food.swift in Sources */ = {isa = PBXBuildFile; fileRef = 80D2918A2AB2097500ACE1E5 /* Food.swift */; };
		80D2918D2AB20A4300ACE1E5 /* AppetizerListView.swift in Sources */ = {isa = PBXBuildFile; fileRef = 80D2918C2AB20A4300ACE1E5 /* AppetizerListView.swift */; };
		80D2918F2AB20A4F00ACE1E5 /* OrderView.swift in Sources */ = {isa = PBXBuildFile; fileRef = 80D2918E2AB20A4F00ACE1E5 /* OrderView.swift */; };
		80D291912AB20A7800ACE1E5 /* AccountView.swift in Sources */ = {isa = PBXBuildFile; fileRef = 80D291902AB20A7800ACE1E5 /* AccountView.swift */; };
		80D291972AB20F8E00ACE1E5 /* AppetizerListCell.swift in Sources */ = {isa = PBXBuildFile; fileRef = 80D291962AB20F8E00ACE1E5 /* AppetizerListCell.swift */; };
		80D2919A2AB2128900ACE1E5 /* NetworkManager.swift in Sources */ = {isa = PBXBuildFile; fileRef = 80D291992AB2128900ACE1E5 /* NetworkManager.swift */; };
		80D2919C2AB2132400ACE1E5 /* Helpers.swift in Sources */ = {isa = PBXBuildFile; fileRef = 80D2919B2AB2132400ACE1E5 /* Helpers.swift */; };
		80D2919E2AB2151600ACE1E5 /* AppetizerListViewModel.swift in Sources */ = {isa = PBXBuildFile; fileRef = 80D2919D2AB2151600ACE1E5 /* AppetizerListViewModel.swift */; };
		80D291A12AB217FA00ACE1E5 /* Alert.swift in Sources */ = {isa = PBXBuildFile; fileRef = 80D291A02AB217FA00ACE1E5 /* Alert.swift */; };
		80D291A42AB220CD00ACE1E5 /* Color+Ext.swift in Sources */ = {isa = PBXBuildFile; fileRef = 80D291A32AB220CD00ACE1E5 /* Color+Ext.swift */; };
		80D291A82AB2210000ACE1E5 /* ActivityIndicator.swift in Sources */ = {isa = PBXBuildFile; fileRef = 80D291A72AB2210000ACE1E5 /* ActivityIndicator.swift */; };
		80D291AB2AB2275300ACE1E5 /* AppetizerDetail.swift in Sources */ = {isa = PBXBuildFile; fileRef = 80D291AA2AB2275300ACE1E5 /* AppetizerDetail.swift */; };
		80D291AD2AB229B600ACE1E5 /* FoodValuesCell.swift in Sources */ = {isa = PBXBuildFile; fileRef = 80D291AC2AB229B600ACE1E5 /* FoodValuesCell.swift */; };
		80D291AF2AB22BBA00ACE1E5 /* AddToOrderButton.swift in Sources */ = {isa = PBXBuildFile; fileRef = 80D291AE2AB22BBA00ACE1E5 /* AddToOrderButton.swift */; };
		80D291B12AB31C3600ACE1E5 /* CloseButtonLabel.swift in Sources */ = {isa = PBXBuildFile; fileRef = 80D291B02AB31C3600ACE1E5 /* CloseButtonLabel.swift */; };
		80D291B32AB3216B00ACE1E5 /* FoodValuesTable.swift in Sources */ = {isa = PBXBuildFile; fileRef = 80D291B22AB3216B00ACE1E5 /* FoodValuesTable.swift */; };
		80D291B52AB321D800ACE1E5 /* DetailScreenImage.swift in Sources */ = {isa = PBXBuildFile; fileRef = 80D291B42AB321D800ACE1E5 /* DetailScreenImage.swift */; };
		80D291BB2AB327CD00ACE1E5 /* AccountViewModel.swift in Sources */ = {isa = PBXBuildFile; fileRef = 80D291BA2AB327CD00ACE1E5 /* AccountViewModel.swift */; };
		80D291BD2AB328A700ACE1E5 /* String+Ext.swift in Sources */ = {isa = PBXBuildFile; fileRef = 80D291BC2AB328A700ACE1E5 /* String+Ext.swift */; };
		80D291BF2AB47BE500ACE1E5 /* User.swift in Sources */ = {isa = PBXBuildFile; fileRef = 80D291BE2AB47BE500ACE1E5 /* User.swift */; };
		80D291C22AB484AD00ACE1E5 /* EmptyState.swift in Sources */ = {isa = PBXBuildFile; fileRef = 80D291C12AB484AD00ACE1E5 /* EmptyState.swift */; };
		80D291C42AB486AC00ACE1E5 /* Order.swift in Sources */ = {isa = PBXBuildFile; fileRef = 80D291C32AB486AC00ACE1E5 /* Order.swift */; };
/* End PBXBuildFile section */

/* Begin PBXFileReference section */
		80D291782AB2093300ACE1E5 /* Appetizers.app */ = {isa = PBXFileReference; explicitFileType = wrapper.application; includeInIndex = 0; path = Appetizers.app; sourceTree = BUILT_PRODUCTS_DIR; };
		80D2917B2AB2093300ACE1E5 /* AppetizersApp.swift */ = {isa = PBXFileReference; lastKnownFileType = sourcecode.swift; path = AppetizersApp.swift; sourceTree = "<group>"; };
		80D2917D2AB2093300ACE1E5 /* AppetizerTabView.swift */ = {isa = PBXFileReference; lastKnownFileType = sourcecode.swift; path = AppetizerTabView.swift; sourceTree = "<group>"; };
		80D2917F2AB2093500ACE1E5 /* Assets.xcassets */ = {isa = PBXFileReference; lastKnownFileType = folder.assetcatalog; path = Assets.xcassets; sourceTree = "<group>"; };
		80D291822AB2093500ACE1E5 /* Preview Assets.xcassets */ = {isa = PBXFileReference; lastKnownFileType = folder.assetcatalog; path = "Preview Assets.xcassets"; sourceTree = "<group>"; };
		80D2918A2AB2097500ACE1E5 /* Food.swift */ = {isa = PBXFileReference; lastKnownFileType = sourcecode.swift; path = Food.swift; sourceTree = "<group>"; };
		80D2918C2AB20A4300ACE1E5 /* AppetizerListView.swift */ = {isa = PBXFileReference; lastKnownFileType = sourcecode.swift; path = AppetizerListView.swift; sourceTree = "<group>"; };
		80D2918E2AB20A4F00ACE1E5 /* OrderView.swift */ = {isa = PBXFileReference; lastKnownFileType = sourcecode.swift; path = OrderView.swift; sourceTree = "<group>"; };
		80D291902AB20A7800ACE1E5 /* AccountView.swift */ = {isa = PBXFileReference; lastKnownFileType = sourcecode.swift; path = AccountView.swift; sourceTree = "<group>"; };
		80D291962AB20F8E00ACE1E5 /* AppetizerListCell.swift */ = {isa = PBXFileReference; lastKnownFileType = sourcecode.swift; path = AppetizerListCell.swift; sourceTree = "<group>"; };
		80D291992AB2128900ACE1E5 /* NetworkManager.swift */ = {isa = PBXFileReference; lastKnownFileType = sourcecode.swift; path = NetworkManager.swift; sourceTree = "<group>"; };
		80D2919B2AB2132400ACE1E5 /* Helpers.swift */ = {isa = PBXFileReference; lastKnownFileType = sourcecode.swift; path = Helpers.swift; sourceTree = "<group>"; };
		80D2919D2AB2151600ACE1E5 /* AppetizerListViewModel.swift */ = {isa = PBXFileReference; lastKnownFileType = sourcecode.swift; path = AppetizerListViewModel.swift; sourceTree = "<group>"; };
		80D291A02AB217FA00ACE1E5 /* Alert.swift */ = {isa = PBXFileReference; lastKnownFileType = sourcecode.swift; path = Alert.swift; sourceTree = "<group>"; };
		80D291A32AB220CD00ACE1E5 /* Color+Ext.swift */ = {isa = PBXFileReference; lastKnownFileType = sourcecode.swift; path = "Color+Ext.swift"; sourceTree = "<group>"; };
		80D291A72AB2210000ACE1E5 /* ActivityIndicator.swift */ = {isa = PBXFileReference; lastKnownFileType = sourcecode.swift; path = ActivityIndicator.swift; sourceTree = "<group>"; };
		80D291AA2AB2275300ACE1E5 /* AppetizerDetail.swift */ = {isa = PBXFileReference; lastKnownFileType = sourcecode.swift; path = AppetizerDetail.swift; sourceTree = "<group>"; };
		80D291AC2AB229B600ACE1E5 /* FoodValuesCell.swift */ = {isa = PBXFileReference; lastKnownFileType = sourcecode.swift; path = FoodValuesCell.swift; sourceTree = "<group>"; };
		80D291AE2AB22BBA00ACE1E5 /* AddToOrderButton.swift */ = {isa = PBXFileReference; lastKnownFileType = sourcecode.swift; path = AddToOrderButton.swift; sourceTree = "<group>"; };
		80D291B02AB31C3600ACE1E5 /* CloseButtonLabel.swift */ = {isa = PBXFileReference; lastKnownFileType = sourcecode.swift; path = CloseButtonLabel.swift; sourceTree = "<group>"; };
		80D291B22AB3216B00ACE1E5 /* FoodValuesTable.swift */ = {isa = PBXFileReference; lastKnownFileType = sourcecode.swift; path = FoodValuesTable.swift; sourceTree = "<group>"; };
		80D291B42AB321D800ACE1E5 /* DetailScreenImage.swift */ = {isa = PBXFileReference; lastKnownFileType = sourcecode.swift; path = DetailScreenImage.swift; sourceTree = "<group>"; };
		80D291BA2AB327CD00ACE1E5 /* AccountViewModel.swift */ = {isa = PBXFileReference; lastKnownFileType = sourcecode.swift; path = AccountViewModel.swift; sourceTree = "<group>"; };
		80D291BC2AB328A700ACE1E5 /* String+Ext.swift */ = {isa = PBXFileReference; lastKnownFileType = sourcecode.swift; path = "String+Ext.swift"; sourceTree = "<group>"; };
		80D291BE2AB47BE500ACE1E5 /* User.swift */ = {isa = PBXFileReference; lastKnownFileType = sourcecode.swift; path = User.swift; sourceTree = "<group>"; };
		80D291C12AB484AD00ACE1E5 /* EmptyState.swift */ = {isa = PBXFileReference; lastKnownFileType = sourcecode.swift; path = EmptyState.swift; sourceTree = "<group>"; };
		80D291C32AB486AC00ACE1E5 /* Order.swift */ = {isa = PBXFileReference; lastKnownFileType = sourcecode.swift; path = Order.swift; sourceTree = "<group>"; };
/* End PBXFileReference section */

/* Begin PBXFrameworksBuildPhase section */
		80D291752AB2093300ACE1E5 /* Frameworks */ = {
			isa = PBXFrameworksBuildPhase;
			buildActionMask = 2147483647;
			files = (
			);
			runOnlyForDeploymentPostprocessing = 0;
		};
/* End PBXFrameworksBuildPhase section */

/* Begin PBXGroup section */
		80D2916F2AB2093300ACE1E5 = {
			isa = PBXGroup;
			children = (
				80D2917A2AB2093300ACE1E5 /* Appetizers */,
				80D291792AB2093300ACE1E5 /* Products */,
			);
			sourceTree = "<group>";
		};
		80D291792AB2093300ACE1E5 /* Products */ = {
			isa = PBXGroup;
			children = (
				80D291782AB2093300ACE1E5 /* Appetizers.app */,
			);
			name = Products;
			sourceTree = "<group>";
		};
		80D2917A2AB2093300ACE1E5 /* Appetizers */ = {
			isa = PBXGroup;
			children = (
				80D291A52AB220EE00ACE1E5 /* Views */,
				80D291A22AB220C400ACE1E5 /* Extensions */,
				80D2919F2AB217F600ACE1E5 /* Utils */,
				80D291982AB2127C00ACE1E5 /* Services */,
				80D291922AB20A8200ACE1E5 /* Screens */,
				80D291892AB2096900ACE1E5 /* Models */,
				80D2917B2AB2093300ACE1E5 /* AppetizersApp.swift */,
				80D2917F2AB2093500ACE1E5 /* Assets.xcassets */,
				80D291812AB2093500ACE1E5 /* Preview Content */,
			);
			path = Appetizers;
			sourceTree = "<group>";
		};
		80D291812AB2093500ACE1E5 /* Preview Content */ = {
			isa = PBXGroup;
			children = (
				80D291822AB2093500ACE1E5 /* Preview Assets.xcassets */,
			);
			path = "Preview Content";
			sourceTree = "<group>";
		};
		80D291892AB2096900ACE1E5 /* Models */ = {
			isa = PBXGroup;
			children = (
				80D2918A2AB2097500ACE1E5 /* Food.swift */,
				80D291BE2AB47BE500ACE1E5 /* User.swift */,
				80D291C32AB486AC00ACE1E5 /* Order.swift */,
			);
			path = Models;
			sourceTree = "<group>";
		};
		80D291922AB20A8200ACE1E5 /* Screens */ = {
			isa = PBXGroup;
			children = (
				80D2917D2AB2093300ACE1E5 /* AppetizerTabView.swift */,
				80D291A92AB2274800ACE1E5 /* DetailScreen */,
				80D291952AB20A9700ACE1E5 /* AccountScreen */,
				80D291942AB20A9000ACE1E5 /* OrderScreen */,
				80D291932AB20A8500ACE1E5 /* AppetizerListScreen */,
			);
			path = Screens;
			sourceTree = "<group>";
		};
		80D291932AB20A8500ACE1E5 /* AppetizerListScreen */ = {
			isa = PBXGroup;
			children = (
				80D2918C2AB20A4300ACE1E5 /* AppetizerListView.swift */,
				80D2919D2AB2151600ACE1E5 /* AppetizerListViewModel.swift */,
			);
			path = AppetizerListScreen;
			sourceTree = "<group>";
		};
		80D291942AB20A9000ACE1E5 /* OrderScreen */ = {
			isa = PBXGroup;
			children = (
				80D2918E2AB20A4F00ACE1E5 /* OrderView.swift */,
			);
			path = OrderScreen;
			sourceTree = "<group>";
		};
		80D291952AB20A9700ACE1E5 /* AccountScreen */ = {
			isa = PBXGroup;
			children = (
				80D291902AB20A7800ACE1E5 /* AccountView.swift */,
				80D291BA2AB327CD00ACE1E5 /* AccountViewModel.swift */,
			);
			path = AccountScreen;
			sourceTree = "<group>";
		};
		80D291982AB2127C00ACE1E5 /* Services */ = {
			isa = PBXGroup;
			children = (
				80D291992AB2128900ACE1E5 /* NetworkManager.swift */,
				80D2919B2AB2132400ACE1E5 /* Helpers.swift */,
			);
			path = Services;
			sourceTree = "<group>";
		};
		80D2919F2AB217F600ACE1E5 /* Utils */ = {
			isa = PBXGroup;
			children = (
				80D291A02AB217FA00ACE1E5 /* Alert.swift */,
			);
			path = Utils;
			sourceTree = "<group>";
		};
		80D291A22AB220C400ACE1E5 /* Extensions */ = {
			isa = PBXGroup;
			children = (
				80D291A32AB220CD00ACE1E5 /* Color+Ext.swift */,
				80D291BC2AB328A700ACE1E5 /* String+Ext.swift */,
			);
			path = Extensions;
			sourceTree = "<group>";
		};
		80D291A52AB220EE00ACE1E5 /* Views */ = {
			isa = PBXGroup;
			children = (
				80D291C02AB484A200ACE1E5 /* OrderScreenComponents */,
				80D291B72AB3224300ACE1E5 /* ListScreen Components */,
				80D291B62AB3223C00ACE1E5 /* DetailScreen Components */,
				80D291A62AB220EF00ACE1E5 /* UIKit Components */,
			);
			path = Views;
			sourceTree = "<group>";
		};
		80D291A62AB220EF00ACE1E5 /* UIKit Components */ = {
			isa = PBXGroup;
			children = (
				80D291A72AB2210000ACE1E5 /* ActivityIndicator.swift */,
			);
			path = "UIKit Components";
			sourceTree = "<group>";
		};
		80D291A92AB2274800ACE1E5 /* DetailScreen */ = {
			isa = PBXGroup;
			children = (
				80D291AA2AB2275300ACE1E5 /* AppetizerDetail.swift */,
			);
			path = DetailScreen;
			sourceTree = "<group>";
		};
		80D291B62AB3223C00ACE1E5 /* DetailScreen Components */ = {
			isa = PBXGroup;
			children = (
				80D291B92AB3228800ACE1E5 /* Buttons */,
				80D291B82AB3227F00ACE1E5 /* FoodValues */,
				80D291B42AB321D800ACE1E5 /* DetailScreenImage.swift */,
			);
			path = "DetailScreen Components";
			sourceTree = "<group>";
		};
		80D291B72AB3224300ACE1E5 /* ListScreen Components */ = {
			isa = PBXGroup;
			children = (
				80D291962AB20F8E00ACE1E5 /* AppetizerListCell.swift */,
			);
			path = "ListScreen Components";
			sourceTree = "<group>";
		};
		80D291B82AB3227F00ACE1E5 /* FoodValues */ = {
			isa = PBXGroup;
			children = (
				80D291AC2AB229B600ACE1E5 /* FoodValuesCell.swift */,
				80D291B22AB3216B00ACE1E5 /* FoodValuesTable.swift */,
			);
			path = FoodValues;
			sourceTree = "<group>";
		};
		80D291B92AB3228800ACE1E5 /* Buttons */ = {
			isa = PBXGroup;
			children = (
				80D291AE2AB22BBA00ACE1E5 /* AddToOrderButton.swift */,
				80D291B02AB31C3600ACE1E5 /* CloseButtonLabel.swift */,
			);
			path = Buttons;
			sourceTree = "<group>";
		};
		80D291C02AB484A200ACE1E5 /* OrderScreenComponents */ = {
			isa = PBXGroup;
			children = (
				80D291C12AB484AD00ACE1E5 /* EmptyState.swift */,
			);
			path = OrderScreenComponents;
			sourceTree = "<group>";
		};
/* End PBXGroup section */

/* Begin PBXNativeTarget section */
		80D291772AB2093300ACE1E5 /* Appetizers */ = {
			isa = PBXNativeTarget;
			buildConfigurationList = 80D291862AB2093500ACE1E5 /* Build configuration list for PBXNativeTarget "Appetizers" */;
			buildPhases = (
				80D291742AB2093300ACE1E5 /* Sources */,
				80D291752AB2093300ACE1E5 /* Frameworks */,
				80D291762AB2093300ACE1E5 /* Resources */,
			);
			buildRules = (
			);
			dependencies = (
			);
			name = Appetizers;
			productName = Appetizers;
			productReference = 80D291782AB2093300ACE1E5 /* Appetizers.app */;
			productType = "com.apple.product-type.application";
		};
/* End PBXNativeTarget section */

/* Begin PBXProject section */
		80D291702AB2093300ACE1E5 /* Project object */ = {
			isa = PBXProject;
			attributes = {
				BuildIndependentTargetsInParallel = 1;
				LastSwiftUpdateCheck = 1430;
				LastUpgradeCheck = 1430;
				TargetAttributes = {
					80D291772AB2093300ACE1E5 = {
						CreatedOnToolsVersion = 14.3.1;
					};
				};
			};
			buildConfigurationList = 80D291732AB2093300ACE1E5 /* Build configuration list for PBXProject "Appetizers" */;
			compatibilityVersion = "Xcode 14.0";
			developmentRegion = en;
			hasScannedForEncodings = 0;
			knownRegions = (
				en,
				Base,
			);
			mainGroup = 80D2916F2AB2093300ACE1E5;
			productRefGroup = 80D291792AB2093300ACE1E5 /* Products */;
			projectDirPath = "";
			projectRoot = "";
			targets = (
				80D291772AB2093300ACE1E5 /* Appetizers */,
			);
		};
/* End PBXProject section */

/* Begin PBXResourcesBuildPhase section */
		80D291762AB2093300ACE1E5 /* Resources */ = {
			isa = PBXResourcesBuildPhase;
			buildActionMask = 2147483647;
			files = (
				80D291832AB2093500ACE1E5 /* Preview Assets.xcassets in Resources */,
				80D291802AB2093500ACE1E5 /* Assets.xcassets in Resources */,
			);
			runOnlyForDeploymentPostprocessing = 0;
		};
/* End PBXResourcesBuildPhase section */

/* Begin PBXSourcesBuildPhase section */
		80D291742AB2093300ACE1E5 /* Sources */ = {
			isa = PBXSourcesBuildPhase;
			buildActionMask = 2147483647;
			files = (
				80D291C22AB484AD00ACE1E5 /* EmptyState.swift in Sources */,
				80D291B52AB321D800ACE1E5 /* DetailScreenImage.swift in Sources */,
				80D291912AB20A7800ACE1E5 /* AccountView.swift in Sources */,
				80D291AB2AB2275300ACE1E5 /* AppetizerDetail.swift in Sources */,
				80D291972AB20F8E00ACE1E5 /* AppetizerListCell.swift in Sources */,
				80D2917E2AB2093300ACE1E5 /* AppetizerTabView.swift in Sources */,
				80D2919E2AB2151600ACE1E5 /* AppetizerListViewModel.swift in Sources */,
				80D291BB2AB327CD00ACE1E5 /* AccountViewModel.swift in Sources */,
				80D291AF2AB22BBA00ACE1E5 /* AddToOrderButton.swift in Sources */,
				80D291B12AB31C3600ACE1E5 /* CloseButtonLabel.swift in Sources */,
				80D2918D2AB20A4300ACE1E5 /* AppetizerListView.swift in Sources */,
				80D291BF2AB47BE500ACE1E5 /* User.swift in Sources */,
				80D291AD2AB229B600ACE1E5 /* FoodValuesCell.swift in Sources */,
				80D291A42AB220CD00ACE1E5 /* Color+Ext.swift in Sources */,
				80D2919C2AB2132400ACE1E5 /* Helpers.swift in Sources */,
				80D2919A2AB2128900ACE1E5 /* NetworkManager.swift in Sources */,
				80D2917C2AB2093300ACE1E5 /* AppetizersApp.swift in Sources */,
				80D291BD2AB328A700ACE1E5 /* String+Ext.swift in Sources */,
				80D291C42AB486AC00ACE1E5 /* Order.swift in Sources */,
				80D291A12AB217FA00ACE1E5 /* Alert.swift in Sources */,
				80D291B32AB3216B00ACE1E5 /* FoodValuesTable.swift in Sources */,
				80D2918B2AB2097500ACE1E5 /* Food.swift in Sources */,
				80D291A82AB2210000ACE1E5 /* ActivityIndicator.swift in Sources */,
				80D2918F2AB20A4F00ACE1E5 /* OrderView.swift in Sources */,
			);
			runOnlyForDeploymentPostprocessing = 0;
		};
/* End PBXSourcesBuildPhase section */

/* Begin XCBuildConfiguration section */
		80D291842AB2093500ACE1E5 /* Debug */ = {
			isa = XCBuildConfiguration;
			buildSettings = {
				ALWAYS_SEARCH_USER_PATHS = NO;
				CLANG_ANALYZER_NONNULL = YES;
				CLANG_ANALYZER_NUMBER_OBJECT_CONVERSION = YES_AGGRESSIVE;
				CLANG_CXX_LANGUAGE_STANDARD = "gnu++20";
				CLANG_ENABLE_MODULES = YES;
				CLANG_ENABLE_OBJC_ARC = YES;
				CLANG_ENABLE_OBJC_WEAK = YES;
				CLANG_WARN_BLOCK_CAPTURE_AUTORELEASING = YES;
				CLANG_WARN_BOOL_CONVERSION = YES;
				CLANG_WARN_COMMA = YES;
				CLANG_WARN_CONSTANT_CONVERSION = YES;
				CLANG_WARN_DEPRECATED_OBJC_IMPLEMENTATIONS = YES;
				CLANG_WARN_DIRECT_OBJC_ISA_USAGE = YES_ERROR;
				CLANG_WARN_DOCUMENTATION_COMMENTS = YES;
				CLANG_WARN_EMPTY_BODY = YES;
				CLANG_WARN_ENUM_CONVERSION = YES;
				CLANG_WARN_INFINITE_RECURSION = YES;
				CLANG_WARN_INT_CONVERSION = YES;
				CLANG_WARN_NON_LITERAL_NULL_CONVERSION = YES;
				CLANG_WARN_OBJC_IMPLICIT_RETAIN_SELF = YES;
				CLANG_WARN_OBJC_LITERAL_CONVERSION = YES;
				CLANG_WARN_OBJC_ROOT_CLASS = YES_ERROR;
				CLANG_WARN_QUOTED_INCLUDE_IN_FRAMEWORK_HEADER = YES;
				CLANG_WARN_RANGE_LOOP_ANALYSIS = YES;
				CLANG_WARN_STRICT_PROTOTYPES = YES;
				CLANG_WARN_SUSPICIOUS_MOVE = YES;
				CLANG_WARN_UNGUARDED_AVAILABILITY = YES_AGGRESSIVE;
				CLANG_WARN_UNREACHABLE_CODE = YES;
				CLANG_WARN__DUPLICATE_METHOD_MATCH = YES;
				COPY_PHASE_STRIP = NO;
				DEBUG_INFORMATION_FORMAT = dwarf;
				ENABLE_STRICT_OBJC_MSGSEND = YES;
				ENABLE_TESTABILITY = YES;
				GCC_C_LANGUAGE_STANDARD = gnu11;
				GCC_DYNAMIC_NO_PIC = NO;
				GCC_NO_COMMON_BLOCKS = YES;
				GCC_OPTIMIZATION_LEVEL = 0;
				GCC_PREPROCESSOR_DEFINITIONS = (
					"DEBUG=1",
					"$(inherited)",
				);
				GCC_WARN_64_TO_32_BIT_CONVERSION = YES;
				GCC_WARN_ABOUT_RETURN_TYPE = YES_ERROR;
				GCC_WARN_UNDECLARED_SELECTOR = YES;
				GCC_WARN_UNINITIALIZED_AUTOS = YES_AGGRESSIVE;
				GCC_WARN_UNUSED_FUNCTION = YES;
				GCC_WARN_UNUSED_VARIABLE = YES;
				IPHONEOS_DEPLOYMENT_TARGET = 16.4;
				MTL_ENABLE_DEBUG_INFO = INCLUDE_SOURCE;
				MTL_FAST_MATH = YES;
				ONLY_ACTIVE_ARCH = YES;
				SDKROOT = iphoneos;
				SWIFT_ACTIVE_COMPILATION_CONDITIONS = DEBUG;
				SWIFT_OPTIMIZATION_LEVEL = "-Onone";
			};
			name = Debug;
		};
		80D291852AB2093500ACE1E5 /* Release */ = {
			isa = XCBuildConfiguration;
			buildSettings = {
				ALWAYS_SEARCH_USER_PATHS = NO;
				CLANG_ANALYZER_NONNULL = YES;
				CLANG_ANALYZER_NUMBER_OBJECT_CONVERSION = YES_AGGRESSIVE;
				CLANG_CXX_LANGUAGE_STANDARD = "gnu++20";
				CLANG_ENABLE_MODULES = YES;
				CLANG_ENABLE_OBJC_ARC = YES;
				CLANG_ENABLE_OBJC_WEAK = YES;
				CLANG_WARN_BLOCK_CAPTURE_AUTORELEASING = YES;
				CLANG_WARN_BOOL_CONVERSION = YES;
				CLANG_WARN_COMMA = YES;
				CLANG_WARN_CONSTANT_CONVERSION = YES;
				CLANG_WARN_DEPRECATED_OBJC_IMPLEMENTATIONS = YES;
				CLANG_WARN_DIRECT_OBJC_ISA_USAGE = YES_ERROR;
				CLANG_WARN_DOCUMENTATION_COMMENTS = YES;
				CLANG_WARN_EMPTY_BODY = YES;
				CLANG_WARN_ENUM_CONVERSION = YES;
				CLANG_WARN_INFINITE_RECURSION = YES;
				CLANG_WARN_INT_CONVERSION = YES;
				CLANG_WARN_NON_LITERAL_NULL_CONVERSION = YES;
				CLANG_WARN_OBJC_IMPLICIT_RETAIN_SELF = YES;
				CLANG_WARN_OBJC_LITERAL_CONVERSION = YES;
				CLANG_WARN_OBJC_ROOT_CLASS = YES_ERROR;
				CLANG_WARN_QUOTED_INCLUDE_IN_FRAMEWORK_HEADER = YES;
				CLANG_WARN_RANGE_LOOP_ANALYSIS = YES;
				CLANG_WARN_STRICT_PROTOTYPES = YES;
				CLANG_WARN_SUSPICIOUS_MOVE = YES;
				CLANG_WARN_UNGUARDED_AVAILABILITY = YES_AGGRESSIVE;
				CLANG_WARN_UNREACHABLE_CODE = YES;
				CLANG_WARN__DUPLICATE_METHOD_MATCH = YES;
				COPY_PHASE_STRIP = NO;
				DEBUG_INFORMATION_FORMAT = "dwarf-with-dsym";
				ENABLE_NS_ASSERTIONS = NO;
				ENABLE_STRICT_OBJC_MSGSEND = YES;
				GCC_C_LANGUAGE_STANDARD = gnu11;
				GCC_NO_COMMON_BLOCKS = YES;
				GCC_WARN_64_TO_32_BIT_CONVERSION = YES;
				GCC_WARN_ABOUT_RETURN_TYPE = YES_ERROR;
				GCC_WARN_UNDECLARED_SELECTOR = YES;
				GCC_WARN_UNINITIALIZED_AUTOS = YES_AGGRESSIVE;
				GCC_WARN_UNUSED_FUNCTION = YES;
				GCC_WARN_UNUSED_VARIABLE = YES;
				IPHONEOS_DEPLOYMENT_TARGET = 16.4;
				MTL_ENABLE_DEBUG_INFO = NO;
				MTL_FAST_MATH = YES;
				SDKROOT = iphoneos;
				SWIFT_COMPILATION_MODE = wholemodule;
				SWIFT_OPTIMIZATION_LEVEL = "-O";
				VALIDATE_PRODUCT = YES;
			};
			name = Release;
		};
		80D291872AB2093500ACE1E5 /* Debug */ = {
			isa = XCBuildConfiguration;
			buildSettings = {
				ASSETCATALOG_COMPILER_APPICON_NAME = AppIcon;
				ASSETCATALOG_COMPILER_GLOBAL_ACCENT_COLOR_NAME = AccentColor;
				CODE_SIGN_STYLE = Automatic;
				CURRENT_PROJECT_VERSION = 1;
				DEVELOPMENT_ASSET_PATHS = "\"Appetizers/Preview Content\"";
				DEVELOPMENT_TEAM = 936XSD7LYL;
				ENABLE_PREVIEWS = YES;
				GENERATE_INFOPLIST_FILE = YES;
				INFOPLIST_KEY_UIApplicationSceneManifest_Generation = YES;
				INFOPLIST_KEY_UIApplicationSupportsIndirectInputEvents = YES;
				INFOPLIST_KEY_UILaunchScreen_Generation = YES;
				INFOPLIST_KEY_UISupportedInterfaceOrientations_iPad = "UIInterfaceOrientationPortrait UIInterfaceOrientationPortraitUpsideDown UIInterfaceOrientationLandscapeLeft UIInterfaceOrientationLandscapeRight";
				INFOPLIST_KEY_UISupportedInterfaceOrientations_iPhone = "UIInterfaceOrientationPortrait UIInterfaceOrientationLandscapeLeft UIInterfaceOrientationLandscapeRight";
				LD_RUNPATH_SEARCH_PATHS = (
					"$(inherited)",
					"@executable_path/Frameworks",
				);
				MARKETING_VERSION = 1.0;
				PRODUCT_BUNDLE_IDENTIFIER = ibrahimmbyrrm.Appetizers;
				PRODUCT_NAME = "$(TARGET_NAME)";
				SWIFT_EMIT_LOC_STRINGS = YES;
				SWIFT_VERSION = 5.0;
				TARGETED_DEVICE_FAMILY = "1,2";
			};
			name = Debug;
		};
		80D291882AB2093500ACE1E5 /* Release */ = {
			isa = XCBuildConfiguration;
			buildSettings = {
				ASSETCATALOG_COMPILER_APPICON_NAME = AppIcon;
				ASSETCATALOG_COMPILER_GLOBAL_ACCENT_COLOR_NAME = AccentColor;
				CODE_SIGN_STYLE = Automatic;
				CURRENT_PROJECT_VERSION = 1;
				DEVELOPMENT_ASSET_PATHS = "\"Appetizers/Preview Content\"";
				DEVELOPMENT_TEAM = 936XSD7LYL;
				ENABLE_PREVIEWS = YES;
				GENERATE_INFOPLIST_FILE = YES;
				INFOPLIST_KEY_UIApplicationSceneManifest_Generation = YES;
				INFOPLIST_KEY_UIApplicationSupportsIndirectInputEvents = YES;
				INFOPLIST_KEY_UILaunchScreen_Generation = YES;
				INFOPLIST_KEY_UISupportedInterfaceOrientations_iPad = "UIInterfaceOrientationPortrait UIInterfaceOrientationPortraitUpsideDown UIInterfaceOrientationLandscapeLeft UIInterfaceOrientationLandscapeRight";
				INFOPLIST_KEY_UISupportedInterfaceOrientations_iPhone = "UIInterfaceOrientationPortrait UIInterfaceOrientationLandscapeLeft UIInterfaceOrientationLandscapeRight";
				LD_RUNPATH_SEARCH_PATHS = (
					"$(inherited)",
					"@executable_path/Frameworks",
				);
				MARKETING_VERSION = 1.0;
				PRODUCT_BUNDLE_IDENTIFIER = ibrahimmbyrrm.Appetizers;
				PRODUCT_NAME = "$(TARGET_NAME)";
				SWIFT_EMIT_LOC_STRINGS = YES;
				SWIFT_VERSION = 5.0;
				TARGETED_DEVICE_FAMILY = "1,2";
			};
			name = Release;
		};
/* End XCBuildConfiguration section */

/* Begin XCConfigurationList section */
		80D291732AB2093300ACE1E5 /* Build configuration list for PBXProject "Appetizers" */ = {
			isa = XCConfigurationList;
			buildConfigurations = (
				80D291842AB2093500ACE1E5 /* Debug */,
				80D291852AB2093500ACE1E5 /* Release */,
			);
			defaultConfigurationIsVisible = 0;
			defaultConfigurationName = Release;
		};
		80D291862AB2093500ACE1E5 /* Build configuration list for PBXNativeTarget "Appetizers" */ = {
			isa = XCConfigurationList;
			buildConfigurations = (
				80D291872AB2093500ACE1E5 /* Debug */,
				80D291882AB2093500ACE1E5 /* Release */,
			);
			defaultConfigurationIsVisible = 0;
			defaultConfigurationName = Release;
		};
/* End XCConfigurationList section */
	};
	rootObject = 80D291702AB2093300ACE1E5 /* Project object */;
}
